
Microsoft Visual Studio Solution File, Format Version 12.00
# Visual Studio Version 16
VisualStudioVersion = 16.0.29209.62
MinimumVisualStudioVersion = 10.0.40219.1
Project("{FAE04EC0-301F-11D3-BF4B-00C04F79EFBC}") = "Polygon", "Polygon\Polygon.csproj", "{EA46E3AD-A5A1-46D8-9C1B-FE98FD03CDAD}"
EndProject
Global
	GlobalSection(SolutionConfigurationPlatforms) = preSolution
		Debug|x86 = Debug|x86
		Release|x86 = Release|x86
	EndGlobalSection
	GlobalSection(ProjectConfigurationPlatforms) = postSolution
		{EA46E3AD-A5A1-46D8-9C1B-FE98FD03CDAD}.Debug|x86.ActiveCfg = Debug|x86
		{EA46E3AD-A5A1-46D8-9C1B-FE98FD03CDAD}.Debug|x86.Build.0 = Debug|x86
		{EA46E3AD-A5A1-46D8-9C1B-FE98FD03CDAD}.Release|x86.ActiveCfg = Release|x86
		{EA46E3AD-A5A1-46D8-9C1B-FE98FD03CDAD}.Release|x86.Build.0 = Release|x86
	EndGlobalSection
	GlobalSection(SolutionProperties) = preSolution
		HideSolutionNode = FALSE
	EndGlobalSection
	GlobalSection(ExtensibilityGlobals) = postSolution
		SolutionGuid = {5F7EF7E9-8F15-4830-9305-74C28D4F11AC}
	EndGlobalSection
EndGlobal
